
Microsoft Visual Studio Solution File, Format Version 12.00
# Visual Studio Version 16
VisualStudioVersion = 16.0.31515.178
MinimumVisualStudioVersion = 10.0.40219.1
Project("{9A19103F-16F7-4668-BE54-9A1E7A4F7556}") = "CarSite.Business", "CarSite.Business\CarSite.Business.csproj", "{0A504D8E-9DD3-49B9-BB3C-E67D6E1208CB}"
EndProject
Project("{9A19103F-16F7-4668-BE54-9A1E7A4F7556}") = "CarSite.DataAccess", "CarSite.DataAccess\CarSite.DataAccess.csproj", "{F008335F-B034-4F50-A157-8047CF683F1A}"
EndProject
Project("{9A19103F-16F7-4668-BE54-9A1E7A4F7556}") = "CarSite.Entities", "CarSite.Entities\CarSite.Entities.csproj", "{2E571780-F91A-4FE9-920D-7C09BBC30F8F}"
EndProject
Project("{9A19103F-16F7-4668-BE54-9A1E7A4F7556}") = "CarSite.Core", "CarSite.Core\CarSite.Core.csproj", "{EFA5ED4A-E236-401B-9ADA-94DD9440F8DC}"
EndProject
Project("{9A19103F-16F7-4668-BE54-9A1E7A4F7556}") = "CarSiteMVC.UI", "CarSiteMVC.UI\CarSiteMVC.UI.csproj", "{911B7AF7-C6EF-4B2E-A27D-94CEB0C09691}"
EndProject
Global
	GlobalSection(SolutionConfigurationPlatforms) = preSolution
		Debug|Any CPU = Debug|Any CPU
		Release|Any CPU = Release|Any CPU
	EndGlobalSection
	GlobalSection(ProjectConfigurationPlatforms) = postSolution
		{0A504D8E-9DD3-49B9-BB3C-E67D6E1208CB}.Debug|Any CPU.ActiveCfg = Debug|Any CPU
		{0A504D8E-9DD3-49B9-BB3C-E67D6E1208CB}.Debug|Any CPU.Build.0 = Debug|Any CPU
		{0A504D8E-9DD3-49B9-BB3C-E67D6E1208CB}.Release|Any CPU.ActiveCfg = Release|Any CPU
		{0A504D8E-9DD3-49B9-BB3C-E67D6E1208CB}.Release|Any CPU.Build.0 = Release|Any CPU
		{F008335F-B034-4F50-A157-8047CF683F1A}.Debug|Any CPU.ActiveCfg = Debug|Any CPU
		{F008335F-B034-4F50-A157-8047CF683F1A}.Debug|Any CPU.Build.0 = Debug|Any CPU
		{F008335F-B034-4F50-A157-8047CF683F1A}.Release|Any CPU.ActiveCfg = Release|Any CPU
		{F008335F-B034-4F50-A157-8047CF683F1A}.Release|Any CPU.Build.0 = Release|Any CPU
		{2E571780-F91A-4FE9-920D-7C09BBC30F8F}.Debug|Any CPU.ActiveCfg = Debug|Any CPU
		{2E571780-F91A-4FE9-920D-7C09BBC30F8F}.Debug|Any CPU.Build.0 = Debug|Any CPU
		{2E571780-F91A-4FE9-920D-7C09BBC30F8F}.Release|Any CPU.ActiveCfg = Release|Any CPU
		{2E571780-F91A-4FE9-920D-7C09BBC30F8F}.Release|Any CPU.Build.0 = Release|Any CPU
		{EFA5ED4A-E236-401B-9ADA-94DD9440F8DC}.Debug|Any CPU.ActiveCfg = Debug|Any CPU
		{EFA5ED4A-E236-401B-9ADA-94DD9440F8DC}.Debug|Any CPU.Build.0 = Debug|Any CPU
		{EFA5ED4A-E236-401B-9ADA-94DD9440F8DC}.Release|Any CPU.ActiveCfg = Release|Any CPU
		{EFA5ED4A-E236-401B-9ADA-94DD9440F8DC}.Release|Any CPU.Build.0 = Release|Any CPU
		{911B7AF7-C6EF-4B2E-A27D-94CEB0C09691}.Debug|Any CPU.ActiveCfg = Debug|Any CPU
		{911B7AF7-C6EF-4B2E-A27D-94CEB0C09691}.Debug|Any CPU.Build.0 = Debug|Any CPU
		{911B7AF7-C6EF-4B2E-A27D-94CEB0C09691}.Release|Any CPU.ActiveCfg = Release|Any CPU
		{911B7AF7-C6EF-4B2E-A27D-94CEB0C09691}.Release|Any CPU.Build.0 = Release|Any CPU
	EndGlobalSection
	GlobalSection(SolutionProperties) = preSolution
		HideSolutionNode = FALSE
	EndGlobalSection
	GlobalSection(ExtensibilityGlobals) = postSolution
		SolutionGuid = {8294C5B2-C50C-4093-B34D-43D2DB6603A4}
	EndGlobalSection
EndGlobal
